
Microsoft Visual Studio Solution File, Format Version 12.00
# Visual Studio Version 16
VisualStudioVersion = 16.0.34114.132
MinimumVisualStudioVersion = 10.0.40219.1
Project("{FAE04EC0-301F-11D3-BF4B-00C04F79EFBC}") = "PreGameLobby", "PreGameLobby\PreGameLobby.csproj", "{BF69522B-4C00-4FB5-B59F-506D527F0841}"
EndProject
Global
	GlobalSection(SolutionConfigurationPlatforms) = preSolution
		Debug|Any CPU = Debug|Any CPU
		Release|Any CPU = Release|Any CPU
	EndGlobalSection
	GlobalSection(ProjectConfigurationPlatforms) = postSolution
		{BF69522B-4C00-4FB5-B59F-506D527F0841}.Debug|Any CPU.ActiveCfg = Debug|Any CPU
		{BF69522B-4C00-4FB5-B59F-506D527F0841}.Debug|Any CPU.Build.0 = Debug|Any CPU
		{BF69522B-4C00-4FB5-B59F-506D527F0841}.Release|Any CPU.ActiveCfg = Release|Any CPU
		{BF69522B-4C00-4FB5-B59F-506D527F0841}.Release|Any CPU.Build.0 = Release|Any CPU
	EndGlobalSection
	GlobalSection(SolutionProperties) = preSolution
		HideSolutionNode = FALSE
	EndGlobalSection
	GlobalSection(ExtensibilityGlobals) = postSolution
		SolutionGuid = {6C6EA0B2-207F-4101-AB1C-C1563660A6AC}
	EndGlobalSection
EndGlobal
